
Microsoft Visual Studio Solution File, Format Version 12.00
# Visual Studio Version 16
VisualStudioVersion = 16.0.30804.86
MinimumVisualStudioVersion = 10.0.40219.1
Project("{FAE04EC0-301F-11D3-BF4B-00C04F79EFBC}") = "Andrei_Denis_Norbert_Lab6", "Andrei_Denis_Norbert_Lab6\Andrei_Denis_Norbert_Lab6.csproj", "{E30D82BD-782E-4D8B-8EBF-56C42F8EFBD1}"
EndProject
Global
	GlobalSection(SolutionConfigurationPlatforms) = preSolution
		Debug|Any CPU = Debug|Any CPU
		Release|Any CPU = Release|Any CPU
	EndGlobalSection
	GlobalSection(ProjectConfigurationPlatforms) = postSolution
		{E30D82BD-782E-4D8B-8EBF-56C42F8EFBD1}.Debug|Any CPU.ActiveCfg = Debug|Any CPU
		{E30D82BD-782E-4D8B-8EBF-56C42F8EFBD1}.Debug|Any CPU.Build.0 = Debug|Any CPU
		{E30D82BD-782E-4D8B-8EBF-56C42F8EFBD1}.Release|Any CPU.ActiveCfg = Release|Any CPU
		{E30D82BD-782E-4D8B-8EBF-56C42F8EFBD1}.Release|Any CPU.Build.0 = Release|Any CPU
	EndGlobalSection
	GlobalSection(SolutionProperties) = preSolution
		HideSolutionNode = FALSE
	EndGlobalSection
	GlobalSection(ExtensibilityGlobals) = postSolution
		SolutionGuid = {8E1CFADD-91B8-4D9B-BA72-380EA9CBCE55}
	EndGlobalSection
EndGlobal
